{
  "requires": true,
  "lockfileVersion": 1,
  "dependencies": {
    "socket.io.wait": {
      "version": "1.0.1",
      "resolved": "https://registry.npmjs.org/socket.io.wait/-/socket.io.wait-1.0.1.tgz",
      "integrity": "sha512-21RXwFb5j5t0Is0JCqq3totkUqdnRluO2ohtr1BVbVgcxE8vlVdtTZ1pgxVr0NVGesAyzsBOTbWMew49sTHDjQ=="
    }
  }
}
